<?xml version="1.0" encoding="utf-8"?>
<Project ToolsVersion="4.0" xmlns="http://schemas.microsoft.com/developer/msbuild/2003">
  <ItemGroup>
    <Filter Include="src">
      <UniqueIdentifier>{603c01bc-f1c8-4315-9dca-0635bbbfd779}</UniqueIdentifier>
    </Filter>
  </ItemGroup>
  <ItemGroup>
    <ClCompile Include="src\main.cpp">
      <Filter>src</Filter>
    </ClCompile>
    <ClCompile Include="src\dijkstra\dijkstra.cpp" />
    <ClCompile Include="src\log\log.cpp" />
    <ClCompile Include="src\coordinate\graph.cpp" />
    <ClCompile Include="src\tools\tools.cpp" />
    <ClCompile Include="src\dijkstra\angled_dijkstra.cpp" />
    <ClCompile Include="src\JMC\JMC.cpp" />
    <ClCompile Include="src\JMC\JMC_function.cpp" />
    <ClCompile Include="src\JMC\JMC_secondary_mesh.cpp" />
    <ClCompile Include="src\JMC\JMC_primary_mesh.cpp" />
    <ClCompile Include="src\JMC\JMC_line.cpp" />
    <ClCompile Include="src\JMC\JMC_layer.cpp" />
    <ClCompile Include="src\coordinate\p_graph.cpp" />
  </ItemGroup>
  <ItemGroup>
    <ClInclude Include="src\dijkstra\dijkstra.hpp" />
    <ClInclude Include="src\log\log.hpp" />
    <ClInclude Include="src\coordinate\coordinate.hpp" />
    <ClInclude Include="src\coordinate\graph.hpp">
      <Filter>src</Filter>
    </ClInclude>
    <ClInclude Include="src\tools\tools.hpp" />
    <ClInclude Include="src\JMCmap\JMC.hpp" />
    <ClInclude Include="src\dijkstra\angled_dijkstra.hpp" />
    <ClInclude Include="src\tools\define.hpp" />
    <ClInclude Include="src\JMC\JMC.hpp" />
    <ClInclude Include="src\coordinate\p_graph.hpp" />
  </ItemGroup>
</Project>